github.com/ebitengine/purego v0.9.0 h1:mh0zpKBIXDceC63hpvPuGLiJ8ZAa3DfrFTudmfi8A4k=
github.com/ebitengine/purego v0.9.0/go.mod h1:iIjxzd6CiRiOG0UyXP+V1+jWqUXVjPKLAI0mRfJZTmQ=
github.com/oops1/go.264 v1.11.0 h1:OwoAdfejG/OMkVooiCl624UNnusZEyg1HR6cJ99DlXs=
github.com/oops1/go.264 v1.11.0/go.mod h1:9QWDhblzn+OCeWpxJLpIfr/G/N5MSf849wVixp4Hzas=
